{
  "nodes": {
    "home-manager": {
      "inputs": {
        "nixpkgs": [
          "nixpkgs"
        ]
      },
      "locked": {
        "lastModified": 1703527373,
        "narHash": "sha256-AjypRssRtS6F3xkf7rE3/bXkIF2WJOZLbTIspjcE1zM=",
        "owner": "nix-community",
        "repo": "home-manager",
        "rev": "80679ea5074ab7190c4cce478c600057cfb5edae",
        "type": "github"
      },
      "original": {
        "owner": "nix-community",
        "repo": "home-manager",
        "type": "github"
      }
    },
    "nixpkgs": {
      "locked": {
        "lastModified": 1703544070,
        "narHash": "sha256-baHVq2aT6YanfOSbTtfzYj8K4sGQz4CaSFIWaKo/PEw=",
        "owner": "nixos",
        "repo": "nixpkgs",
        "rev": "5494aa21c753d882bf849b998a3826f6ab6f0fc7",
        "type": "github"
      },
      "original": {
        "owner": "nixos",
        "repo": "nixpkgs",
        "type": "github"
      }
    },
    "root": {
      "inputs": {
        "home-manager": "home-manager",
        "nixpkgs": "nixpkgs"
      }
    }
  },
  "root": "root",
  "version": 7
}
