{
  "nodes": {
    "home-manager": {
      "inputs": {
        "nixpkgs": [
          "nixpkgs"
        ]
      },
      "locked": {
        "lastModified": 1703754036,
        "narHash": "sha256-JpJdcj9Tg4lMuYikXDpajA8wOp+rHyn9RD2rKBEM4cQ=",
        "owner": "nix-community",
        "repo": "home-manager",
        "rev": "c24c298562fe41b39909f632c5a7151bbf6b4628",
        "type": "github"
      },
      "original": {
        "owner": "nix-community",
        "repo": "home-manager",
        "type": "github"
      }
    },
    "nixpkgs": {
      "locked": {
        "lastModified": 1703773948,
        "narHash": "sha256-KRpAMsrPQB6znXCaQHyIpBiN0wnrhby0pKDZPQm/SnE=",
        "owner": "nixos",
        "repo": "nixpkgs",
        "rev": "b00bf8dc33f9ad4d0ff880d812b7d2f033c932ff",
        "type": "github"
      },
      "original": {
        "owner": "nixos",
        "repo": "nixpkgs",
        "type": "github"
      }
    },
    "root": {
      "inputs": {
        "home-manager": "home-manager",
        "nixpkgs": "nixpkgs"
      }
    }
  },
  "root": "root",
  "version": 7
}
